
Microsoft Visual Studio Solution File, Format Version 12.00
# Visual Studio Version 17
VisualStudioVersion = 17.6.33723.286
MinimumVisualStudioVersion = 10.0.40219.1
Project("{FAE04EC0-301F-11D3-BF4B-00C04F79EFBC}") = "Mvc_Blog", "Mvc_Blog.csproj", "{F6CE7E38-7999-48CD-A382-E0DF76191372}"
EndProject
Project("{FAE04EC0-301F-11D3-BF4B-00C04F79EFBC}") = "EntityLayer", "EntityLayer\EntityLayer.csproj", "{78787B3F-6FCF-42C8-998A-30F25E1FA62E}"
EndProject
Project("{FAE04EC0-301F-11D3-BF4B-00C04F79EFBC}") = "DataAccessLayer", "DataAccessLayer\DataAccessLayer.csproj", "{DA9BE73C-8CB5-43D0-9EC2-C294349BAFC9}"
EndProject
Project("{FAE04EC0-301F-11D3-BF4B-00C04F79EFBC}") = "BusinessLayer", "BusinessLayer\BusinessLayer.csproj", "{D3B36874-9AED-4FA1-9C1B-3D2B79DEC18A}"
EndProject
Global
	GlobalSection(SolutionConfigurationPlatforms) = preSolution
		Debug|Any CPU = Debug|Any CPU
		Release|Any CPU = Release|Any CPU
	EndGlobalSection
	GlobalSection(ProjectConfigurationPlatforms) = postSolution
		{F6CE7E38-7999-48CD-A382-E0DF76191372}.Debug|Any CPU.ActiveCfg = Debug|Any CPU
		{F6CE7E38-7999-48CD-A382-E0DF76191372}.Debug|Any CPU.Build.0 = Debug|Any CPU
		{F6CE7E38-7999-48CD-A382-E0DF76191372}.Release|Any CPU.ActiveCfg = Release|Any CPU
		{F6CE7E38-7999-48CD-A382-E0DF76191372}.Release|Any CPU.Build.0 = Release|Any CPU
		{78787B3F-6FCF-42C8-998A-30F25E1FA62E}.Debug|Any CPU.ActiveCfg = Debug|Any CPU
		{78787B3F-6FCF-42C8-998A-30F25E1FA62E}.Debug|Any CPU.Build.0 = Debug|Any CPU
		{78787B3F-6FCF-42C8-998A-30F25E1FA62E}.Release|Any CPU.ActiveCfg = Release|Any CPU
		{78787B3F-6FCF-42C8-998A-30F25E1FA62E}.Release|Any CPU.Build.0 = Release|Any CPU
		{DA9BE73C-8CB5-43D0-9EC2-C294349BAFC9}.Debug|Any CPU.ActiveCfg = Debug|Any CPU
		{DA9BE73C-8CB5-43D0-9EC2-C294349BAFC9}.Debug|Any CPU.Build.0 = Debug|Any CPU
		{DA9BE73C-8CB5-43D0-9EC2-C294349BAFC9}.Release|Any CPU.ActiveCfg = Release|Any CPU
		{DA9BE73C-8CB5-43D0-9EC2-C294349BAFC9}.Release|Any CPU.Build.0 = Release|Any CPU
		{D3B36874-9AED-4FA1-9C1B-3D2B79DEC18A}.Debug|Any CPU.ActiveCfg = Debug|Any CPU
		{D3B36874-9AED-4FA1-9C1B-3D2B79DEC18A}.Debug|Any CPU.Build.0 = Debug|Any CPU
		{D3B36874-9AED-4FA1-9C1B-3D2B79DEC18A}.Release|Any CPU.ActiveCfg = Release|Any CPU
		{D3B36874-9AED-4FA1-9C1B-3D2B79DEC18A}.Release|Any CPU.Build.0 = Release|Any CPU
	EndGlobalSection
	GlobalSection(SolutionProperties) = preSolution
		HideSolutionNode = FALSE
	EndGlobalSection
	GlobalSection(ExtensibilityGlobals) = postSolution
		SolutionGuid = {0D482587-7A43-4D14-A8D8-1AF693231F5A}
	EndGlobalSection
EndGlobal
